schema: '2.0'
stages:
  validate_data:
    cmd: python -m src.data.validate_data
    deps:
    - path: data/raw/german_credit_data.csv
      hash: md5
      md5: 7de6cc42914570bdb5fb2b4be75acc89
      size: 47940
    - path: src/data/schema.py
      hash: md5
      md5: 266fba2f5d88c17fe8759345fb661639
      size: 849
    - path: src/data/validate_data.py
      hash: md5
      md5: 2e1e16e4f3de9e4f5ce646e3a1e33d1b
      size: 2691
  build_features:
    cmd: python -m src.features.build_features
    deps:
    - path: configs/feature_config.json
      hash: md5
      md5: 9d05c1d1c88d01886a422a7ce3458fb4
      size: 67
    - path: data/raw/german_credit_data.csv
      hash: md5
      md5: 7de6cc42914570bdb5fb2b4be75acc89
      size: 47940
    - path: src/features/build_features.py
      hash: md5
      md5: 5041cbba1dd8be65f54fc4e94e5bb75e
      size: 2600
    - path: src/utils/config.py
      hash: md5
      md5: b6044f5ba2f71ad560bc9041b92d2235
      size: 395
    outs:
    - path: data/processed/test.csv
      hash: md5
      md5: f265c1258846eedcab5c1510d8b70049
      size: 17102
    - path: data/processed/train.csv
      hash: md5
      md5: d832ef441714a26bb142b0c47a0cfe80
      size: 66608
  train_catboost:
    cmd: python -m src.training.train_catboost
    deps:
    - path: data/processed/test.csv
      hash: md5
      md5: f265c1258846eedcab5c1510d8b70049
      size: 17102
    - path: data/processed/train.csv
      hash: md5
      md5: d832ef441714a26bb142b0c47a0cfe80
      size: 66608
    - path: src/training/train_catboost.py
      hash: md5
      md5: 9a7056ae6252c93b8e0ae3d81274b1a2
      size: 3548
  train_lightgbm:
    cmd: python -m src.training.train_lightgbm
    deps:
    - path: data/processed/test.csv
      hash: md5
      md5: f265c1258846eedcab5c1510d8b70049
      size: 17102
    - path: data/processed/train.csv
      hash: md5
      md5: d832ef441714a26bb142b0c47a0cfe80
      size: 66608
    - path: src/training/train_lightgbm.py
      hash: md5
      md5: d3683a5f3c319e1955befafcff0225bf
      size: 2571
  train_xgboost:
    cmd: python -m src.training.train_xgboost
    deps:
    - path: data/processed/test.csv
      hash: md5
      md5: f265c1258846eedcab5c1510d8b70049
      size: 17102
    - path: data/processed/train.csv
      hash: md5
      md5: d832ef441714a26bb142b0c47a0cfe80
      size: 66608
    - path: src/training/train_xgboost.py
      hash: md5
      md5: 4a92df5ae050e92f431a241209fd612e
      size: 2731
  select_best_model:
    cmd: python -m src.training.select_best_model
    deps:
    - path: src/training/select_best_model.py
      hash: md5
      md5: 798e116f33e2427d2322cb9d2edb7bde
      size: 3027
